
Microsoft Visual Studio Solution File, Format Version 12.00
# Visual Studio 2012
Project("{FAE04EC0-301F-11D3-BF4B-00C04F79EFBC}") = "MBCC2018BeerList", "MBCC2018BeerList\MBCC2018BeerList.csproj", "{46506BD6-D9A7-495A-AA2B-13E0535B00F4}"
EndProject
Global
	GlobalSection(SolutionConfigurationPlatforms) = preSolution
		Debug|Any CPU = Debug|Any CPU
		Release|Any CPU = Release|Any CPU
	EndGlobalSection
	GlobalSection(ProjectConfigurationPlatforms) = postSolution
		{46506BD6-D9A7-495A-AA2B-13E0535B00F4}.Debug|Any CPU.ActiveCfg = Debug|Any CPU
		{46506BD6-D9A7-495A-AA2B-13E0535B00F4}.Debug|Any CPU.Build.0 = Debug|Any CPU
		{46506BD6-D9A7-495A-AA2B-13E0535B00F4}.Release|Any CPU.ActiveCfg = Release|Any CPU
		{46506BD6-D9A7-495A-AA2B-13E0535B00F4}.Release|Any CPU.Build.0 = Release|Any CPU
	EndGlobalSection
EndGlobal
